# Captured with pnpm 10.33.0: pnpm install --ignore-scripts --package-import-method=copy,
# pnpm patch is-odd@3.0.1 --edit-dir patch-edit, pnpm patch-commit patch-edit
# --patches-dir patches, then the same install again.
lockfileVersion: '9.0'

settings:
  autoInstallPeers: true
  excludeLinksFromLockfile: false

catalogs:
  default:
    is-odd:
      specifier: 3.0.1
      version: 3.0.1

patchedDependencies:
  is-odd@3.0.1:
    hash: f99fd09070898950df7d1cefa15f53375290b264ddae7e6527095e7dc5840a1b
    path: patches/is-odd@3.0.1.patch

importers:

  .: {}

  packages/child:
    dependencies:
      is-odd:
        specifier: 'catalog:'
        version: 3.0.1(patch_hash=f99fd09070898950df7d1cefa15f53375290b264ddae7e6527095e7dc5840a1b)

packages:

  is-number@6.0.0:
    resolution: {integrity: sha512-Wu1VHeILBK8KAWJUAiSZQX94GmOE45Rg6/538fKwiloUu21KncEkYGPqob2oSZ5mUT73vLGrHQjKw3KMPwfDzg==}
    engines: {node: '>=0.10.0'}

  is-odd@3.0.1:
    resolution: {integrity: sha512-CQpnWPrDwmP1+SMHXZhtLtJv90yiyVfluGsX5iNCVkrhQtU3TQHsUWPG9wkdk9Lgd5yNpAg9jQEo90CBaXgWMA==}
    engines: {node: '>=4'}

snapshots:

  is-number@6.0.0: {}

  is-odd@3.0.1(patch_hash=f99fd09070898950df7d1cefa15f53375290b264ddae7e6527095e7dc5840a1b):
    dependencies:
      is-number: 6.0.0
